// !$*UTF8*$!
{
	archiveVersion = 1;
	classes = {
	};
	objectVersion = 46;
	objects = {

/* Begin PBXBuildFile section */
		AD846F0B1D62EEA50054D90B /* SettingsViewController.m in Sources */ = {isa = PBXBuildFile; fileRef = AD846F0A1D62EEA50054D90B /* SettingsViewController.m */; };
		ADC39E8F1D6058E2005294F5 /* SeedController.m in Sources */ = {isa = PBXBuildFile; fileRef = ADC39E8E1D6058E2005294F5 /* SeedController.m */; };
		ADFF4F3E1D5FF7B600ABB0B8 /* main.m in Sources */ = {isa = PBXBuildFile; fileRef = ADFF4F3D1D5FF7B600ABB0B8 /* main.m */; };
		ADFF4F411D5FF7B600ABB0B8 /* AppDelegate.m in Sources */ = {isa = PBXBuildFile; fileRef = ADFF4F401D5FF7B600ABB0B8 /* AppDelegate.m */; };
		ADFF4F441D5FF7B600ABB0B8 /* ViewController.m in Sources */ = {isa = PBXBuildFile; fileRef = ADFF4F431D5FF7B600ABB0B8 /* ViewController.m */; };
		ADFF4F471D5FF7B600ABB0B8 /* Main.storyboard in Resources */ = {isa = PBXBuildFile; fileRef = ADFF4F451D5FF7B600ABB0B8 /* Main.storyboard */; };
		ADFF4F491D5FF7B600ABB0B8 /* Assets.xcassets in Resources */ = {isa = PBXBuildFile; fileRef = ADFF4F481D5FF7B600ABB0B8 /* Assets.xcassets */; };
		ADFF4F4C1D5FF7B600ABB0B8 /* LaunchScreen.storyboard in Resources */ = {isa = PBXBuildFile; fileRef = ADFF4F4A1D5FF7B600ABB0B8 /* LaunchScreen.storyboard */; };
		ADFF4F571D5FF7B600ABB0B8 /* CubeTimerTests.m in Sources */ = {isa = PBXBuildFile; fileRef = ADFF4F561D5FF7B600ABB0B8 /* CubeTimerTests.m */; };
		ADFF4F621D5FF7B600ABB0B8 /* CubeTimerUITests.m in Sources */ = {isa = PBXBuildFile; fileRef = ADFF4F611D5FF7B600ABB0B8 /* CubeTimerUITests.m */; };
		ADFF4F711D5FF88200ABB0B8 /* SeededNumberGenerator.m in Sources */ = {isa = PBXBuildFile; fileRef = ADFF4F701D5FF88200ABB0B8 /* SeededNumberGenerator.m */; };
		ADFF4F741D60140700ABB0B8 /* 2Scrambler.m in Sources */ = {isa = PBXBuildFile; fileRef = ADFF4F731D60140700ABB0B8 /* 2Scrambler.m */; };
		ADFF4F771D601BCA00ABB0B8 /* scrambler.m in Sources */ = {isa = PBXBuildFile; fileRef = ADFF4F761D601BCA00ABB0B8 /* scrambler.m */; };
		ADFF4F7B1D60208400ABB0B8 /* CoordCube.m in Sources */ = {isa = PBXBuildFile; fileRef = ADFF4F7A1D60208400ABB0B8 /* CoordCube.m */; };
		ADFF4F811D6020DF00ABB0B8 /* Search.m in Sources */ = {isa = PBXBuildFile; fileRef = ADFF4F801D6020DF00ABB0B8 /* Search.m */; };
		ADFF4F841D60210E00ABB0B8 /* TwoPhaseScrambler.m in Sources */ = {isa = PBXBuildFile; fileRef = ADFF4F831D60210E00ABB0B8 /* TwoPhaseScrambler.m */; };
		ADFF4F871D60212800ABB0B8 /* Util.m in Sources */ = {isa = PBXBuildFile; fileRef = ADFF4F861D60212800ABB0B8 /* Util.m */; };
		ADFF4F8D1D6021B800ABB0B8 /* CubieCube.m in Sources */ = {isa = PBXBuildFile; fileRef = ADFF4F8C1D6021B800ABB0B8 /* CubieCube.m */; };
/* End PBXBuildFile section */

/* Begin PBXContainerItemProxy section */
		ADFF4F531D5FF7B600ABB0B8 /* PBXContainerItemProxy */ = {
			isa = PBXContainerItemProxy;
			containerPortal = ADFF4F311D5FF7B600ABB0B8 /* Project object */;
			proxyType = 1;
			remoteGlobalIDString = ADFF4F381D5FF7B600ABB0B8;
			remoteInfo = CubeTimer;
		};
		ADFF4F5E1D5FF7B600ABB0B8 /* PBXContainerItemProxy */ = {
			isa = PBXContainerItemProxy;
			containerPortal = ADFF4F311D5FF7B600ABB0B8 /* Project object */;
			proxyType = 1;
			remoteGlobalIDString = ADFF4F381D5FF7B600ABB0B8;
			remoteInfo = CubeTimer;
		};
/* End PBXContainerItemProxy section */

/* Begin PBXFileReference section */
		AD846F091D62EEA50054D90B /* SettingsViewController.h */ = {isa = PBXFileReference; fileEncoding = 4; lastKnownFileType = sourcecode.c.h; path = SettingsViewController.h; sourceTree = "<group>"; };
		AD846F0A1D62EEA50054D90B /* SettingsViewController.m */ = {isa = PBXFileReference; fileEncoding = 4; lastKnownFileType = sourcecode.c.objc; path = SettingsViewController.m; sourceTree = "<group>"; };
		ADC39E8D1D6058E2005294F5 /* SeedController.h */ = {isa = PBXFileReference; fileEncoding = 4; lastKnownFileType = sourcecode.c.h; path = SeedController.h; sourceTree = "<group>"; };
		ADC39E8E1D6058E2005294F5 /* SeedController.m */ = {isa = PBXFileReference; fileEncoding = 4; lastKnownFileType = sourcecode.c.objc; path = SeedController.m; sourceTree = "<group>"; };
		ADFF4F391D5FF7B600ABB0B8 /* CubeTimer.app */ = {isa = PBXFileReference; explicitFileType = wrapper.application; includeInIndex = 0; path = CubeTimer.app; sourceTree = BUILT_PRODUCTS_DIR; };
		ADFF4F3D1D5FF7B600ABB0B8 /* main.m */ = {isa = PBXFileReference; lastKnownFileType = sourcecode.c.objc; path = main.m; sourceTree = "<group>"; };
		ADFF4F3F1D5FF7B600ABB0B8 /* AppDelegate.h */ = {isa = PBXFileReference; lastKnownFileType = sourcecode.c.h; path = AppDelegate.h; sourceTree = "<group>"; };
		ADFF4F401D5FF7B600ABB0B8 /* AppDelegate.m */ = {isa = PBXFileReference; lastKnownFileType = sourcecode.c.objc; path = AppDelegate.m; sourceTree = "<group>"; };
		ADFF4F421D5FF7B600ABB0B8 /* ViewController.h */ = {isa = PBXFileReference; lastKnownFileType = sourcecode.c.h; path = ViewController.h; sourceTree = "<group>"; };
		ADFF4F431D5FF7B600ABB0B8 /* ViewController.m */ = {isa = PBXFileReference; lastKnownFileType = sourcecode.c.objc; path = ViewController.m; sourceTree = "<group>"; };
		ADFF4F461D5FF7B600ABB0B8 /* Base */ = {isa = PBXFileReference; lastKnownFileType = file.storyboard; name = Base; path = Base.lproj/Main.storyboard; sourceTree = "<group>"; };
		ADFF4F481D5FF7B600ABB0B8 /* Assets.xcassets */ = {isa = PBXFileReference; lastKnownFileType = folder.assetcatalog; path = Assets.xcassets; sourceTree = "<group>"; };
		ADFF4F4B1D5FF7B600ABB0B8 /* Base */ = {isa = PBXFileReference; lastKnownFileType = file.storyboard; name = Base; path = Base.lproj/LaunchScreen.storyboard; sourceTree = "<group>"; };
		ADFF4F4D1D5FF7B600ABB0B8 /* Info.plist */ = {isa = PBXFileReference; lastKnownFileType = text.plist.xml; path = Info.plist; sourceTree = "<group>"; };
		ADFF4F521D5FF7B600ABB0B8 /* CubeTimerTests.xctest */ = {isa = PBXFileReference; explicitFileType = wrapper.cfbundle; includeInIndex = 0; path = CubeTimerTests.xctest; sourceTree = BUILT_PRODUCTS_DIR; };
		ADFF4F561D5FF7B600ABB0B8 /* CubeTimerTests.m */ = {isa = PBXFileReference; lastKnownFileType = sourcecode.c.objc; path = CubeTimerTests.m; sourceTree = "<group>"; };
		ADFF4F581D5FF7B600ABB0B8 /* Info.plist */ = {isa = PBXFileReference; lastKnownFileType = text.plist.xml; path = Info.plist; sourceTree = "<group>"; };
		ADFF4F5D1D5FF7B600ABB0B8 /* CubeTimerUITests.xctest */ = {isa = PBXFileReference; explicitFileType = wrapper.cfbundle; includeInIndex = 0; path = CubeTimerUITests.xctest; sourceTree = BUILT_PRODUCTS_DIR; };
		ADFF4F611D5FF7B600ABB0B8 /* CubeTimerUITests.m */ = {isa = PBXFileReference; lastKnownFileType = sourcecode.c.objc; path = CubeTimerUITests.m; sourceTree = "<group>"; };
		ADFF4F631D5FF7B600ABB0B8 /* Info.plist */ = {isa = PBXFileReference; lastKnownFileType = text.plist.xml; path = Info.plist; sourceTree = "<group>"; };
		ADFF4F6F1D5FF88200ABB0B8 /* SeededNumberGenerator.h */ = {isa = PBXFileReference; fileEncoding = 4; lastKnownFileType = sourcecode.c.h; path = SeededNumberGenerator.h; sourceTree = "<group>"; };
		ADFF4F701D5FF88200ABB0B8 /* SeededNumberGenerator.m */ = {isa = PBXFileReference; fileEncoding = 4; lastKnownFileType = sourcecode.c.objc; path = SeededNumberGenerator.m; sourceTree = "<group>"; };
		ADFF4F721D60140700ABB0B8 /* 2Scrambler.h */ = {isa = PBXFileReference; fileEncoding = 4; lastKnownFileType = sourcecode.c.h; path = 2Scrambler.h; sourceTree = "<group>"; };
		ADFF4F731D60140700ABB0B8 /* 2Scrambler.m */ = {isa = PBXFileReference; fileEncoding = 4; lastKnownFileType = sourcecode.c.objc; path = 2Scrambler.m; sourceTree = "<group>"; };
		ADFF4F751D601BCA00ABB0B8 /* scrambler.h */ = {isa = PBXFileReference; fileEncoding = 4; lastKnownFileType = sourcecode.c.h; path = scrambler.h; sourceTree = "<group>"; };
		ADFF4F761D601BCA00ABB0B8 /* scrambler.m */ = {isa = PBXFileReference; fileEncoding = 4; lastKnownFileType = sourcecode.c.objc; path = scrambler.m; sourceTree = "<group>"; };
		ADFF4F791D60208400ABB0B8 /* CoordCube.h */ = {isa = PBXFileReference; fileEncoding = 4; lastKnownFileType = sourcecode.c.h; path = CoordCube.h; sourceTree = "<group>"; };
		ADFF4F7A1D60208400ABB0B8 /* CoordCube.m */ = {isa = PBXFileReference; fileEncoding = 4; lastKnownFileType = sourcecode.c.objc; path = CoordCube.m; sourceTree = "<group>"; };
		ADFF4F7F1D6020DF00ABB0B8 /* Search.h */ = {isa = PBXFileReference; fileEncoding = 4; lastKnownFileType = sourcecode.c.h; path = Search.h; sourceTree = "<group>"; };
		ADFF4F801D6020DF00ABB0B8 /* Search.m */ = {isa = PBXFileReference; fileEncoding = 4; lastKnownFileType = sourcecode.c.objc; path = Search.m; sourceTree = "<group>"; };
		ADFF4F821D60210E00ABB0B8 /* TwoPhaseScrambler.h */ = {isa = PBXFileReference; fileEncoding = 4; lastKnownFileType = sourcecode.c.h; path = TwoPhaseScrambler.h; sourceTree = "<group>"; };
		ADFF4F831D60210E00ABB0B8 /* TwoPhaseScrambler.m */ = {isa = PBXFileReference; fileEncoding = 4; lastKnownFileType = sourcecode.c.objc; path = TwoPhaseScrambler.m; sourceTree = "<group>"; };
		ADFF4F851D60212800ABB0B8 /* Util.h */ = {isa = PBXFileReference; fileEncoding = 4; lastKnownFileType = sourcecode.c.h; path = Util.h; sourceTree = "<group>"; };
		ADFF4F861D60212800ABB0B8 /* Util.m */ = {isa = PBXFileReference; fileEncoding = 4; lastKnownFileType = sourcecode.c.objc; path = Util.m; sourceTree = "<group>"; };
		ADFF4F8B1D6021B800ABB0B8 /* CubieCube.h */ = {isa = PBXFileReference; fileEncoding = 4; lastKnownFileType = sourcecode.c.h; name = CubieCube.h; path = ../CubieCube.h; sourceTree = "<group>"; };
		ADFF4F8C1D6021B800ABB0B8 /* CubieCube.m */ = {isa = PBXFileReference; fileEncoding = 4; lastKnownFileType = sourcecode.c.objc; name = CubieCube.m; path = ../CubieCube.m; sourceTree = "<group>"; };
/* End PBXFileReference section */

/* Begin PBXFrameworksBuildPhase section */
		ADFF4F361D5FF7B600ABB0B8 /* Frameworks */ = {
			isa = PBXFrameworksBuildPhase;
			buildActionMask = 2147483647;
			files = (
			);
			runOnlyForDeploymentPostprocessing = 0;
		};
		ADFF4F4F1D5FF7B600ABB0B8 /* Frameworks */ = {
			isa = PBXFrameworksBuildPhase;
			buildActionMask = 2147483647;
			files = (
			);
			runOnlyForDeploymentPostprocessing = 0;
		};
		ADFF4F5A1D5FF7B600ABB0B8 /* Frameworks */ = {
			isa = PBXFrameworksBuildPhase;
			buildActionMask = 2147483647;
			files = (
			);
			runOnlyForDeploymentPostprocessing = 0;
		};
/* End PBXFrameworksBuildPhase section */

/* Begin PBXGroup section */
		ADFF4F301D5FF7B600ABB0B8 = {
			isa = PBXGroup;
			children = (
				ADFF4F3B1D5FF7B600ABB0B8 /* CubeTimer */,
				ADFF4F551D5FF7B600ABB0B8 /* CubeTimerTests */,
				ADFF4F601D5FF7B600ABB0B8 /* CubeTimerUITests */,
				ADFF4F3A1D5FF7B600ABB0B8 /* Products */,
			);
			sourceTree = "<group>";
		};
		ADFF4F3A1D5FF7B600ABB0B8 /* Products */ = {
			isa = PBXGroup;
			children = (
				ADFF4F391D5FF7B600ABB0B8 /* CubeTimer.app */,
				ADFF4F521D5FF7B600ABB0B8 /* CubeTimerTests.xctest */,
				ADFF4F5D1D5FF7B600ABB0B8 /* CubeTimerUITests.xctest */,
			);
			name = Products;
			sourceTree = "<group>";
		};
		ADFF4F3B1D5FF7B600ABB0B8 /* CubeTimer */ = {
			isa = PBXGroup;
			children = (
				ADFF4F3F1D5FF7B600ABB0B8 /* AppDelegate.h */,
				ADFF4F401D5FF7B600ABB0B8 /* AppDelegate.m */,
				ADFF4F421D5FF7B600ABB0B8 /* ViewController.h */,
				ADFF4F431D5FF7B600ABB0B8 /* ViewController.m */,
				ADC39E8D1D6058E2005294F5 /* SeedController.h */,
				ADC39E8E1D6058E2005294F5 /* SeedController.m */,
				AD846F091D62EEA50054D90B /* SettingsViewController.h */,
				AD846F0A1D62EEA50054D90B /* SettingsViewController.m */,
				ADFF4F6F1D5FF88200ABB0B8 /* SeededNumberGenerator.h */,
				ADFF4F701D5FF88200ABB0B8 /* SeededNumberGenerator.m */,
				ADFF4F751D601BCA00ABB0B8 /* scrambler.h */,
				ADFF4F761D601BCA00ABB0B8 /* scrambler.m */,
				ADFF4F781D60201600ABB0B8 /* scramblers */,
				ADFF4F451D5FF7B600ABB0B8 /* Main.storyboard */,
				ADFF4F481D5FF7B600ABB0B8 /* Assets.xcassets */,
				ADFF4F4A1D5FF7B600ABB0B8 /* LaunchScreen.storyboard */,
				ADFF4F4D1D5FF7B600ABB0B8 /* Info.plist */,
				ADFF4F3C1D5FF7B600ABB0B8 /* Supporting Files */,
			);
			path = CubeTimer;
			sourceTree = "<group>";
		};
		ADFF4F3C1D5FF7B600ABB0B8 /* Supporting Files */ = {
			isa = PBXGroup;
			children = (
				ADFF4F3D1D5FF7B600ABB0B8 /* main.m */,
			);
			name = "Supporting Files";
			sourceTree = "<group>";
		};
		ADFF4F551D5FF7B600ABB0B8 /* CubeTimerTests */ = {
			isa = PBXGroup;
			children = (
				ADFF4F561D5FF7B600ABB0B8 /* CubeTimerTests.m */,
				ADFF4F581D5FF7B600ABB0B8 /* Info.plist */,
			);
			path = CubeTimerTests;
			sourceTree = "<group>";
		};
		ADFF4F601D5FF7B600ABB0B8 /* CubeTimerUITests */ = {
			isa = PBXGroup;
			children = (
				ADFF4F611D5FF7B600ABB0B8 /* CubeTimerUITests.m */,
				ADFF4F631D5FF7B600ABB0B8 /* Info.plist */,
			);
			path = CubeTimerUITests;
			sourceTree = "<group>";
		};
		ADFF4F781D60201600ABB0B8 /* scramblers */ = {
			isa = PBXGroup;
			children = (
				ADFF4F8B1D6021B800ABB0B8 /* CubieCube.h */,
				ADFF4F8C1D6021B800ABB0B8 /* CubieCube.m */,
				ADFF4F7F1D6020DF00ABB0B8 /* Search.h */,
				ADFF4F801D6020DF00ABB0B8 /* Search.m */,
				ADFF4F821D60210E00ABB0B8 /* TwoPhaseScrambler.h */,
				ADFF4F831D60210E00ABB0B8 /* TwoPhaseScrambler.m */,
				ADFF4F851D60212800ABB0B8 /* Util.h */,
				ADFF4F861D60212800ABB0B8 /* Util.m */,
				ADFF4F721D60140700ABB0B8 /* 2Scrambler.h */,
				ADFF4F791D60208400ABB0B8 /* CoordCube.h */,
				ADFF4F7A1D60208400ABB0B8 /* CoordCube.m */,
				ADFF4F731D60140700ABB0B8 /* 2Scrambler.m */,
			);
			name = scramblers;
			sourceTree = "<group>";
		};
/* End PBXGroup section */

/* Begin PBXNativeTarget section */
		ADFF4F381D5FF7B600ABB0B8 /* CubeTimer */ = {
			isa = PBXNativeTarget;
			buildConfigurationList = ADFF4F661D5FF7B600ABB0B8 /* Build configuration list for PBXNativeTarget "CubeTimer" */;
			buildPhases = (
				ADFF4F351D5FF7B600ABB0B8 /* Sources */,
				ADFF4F361D5FF7B600ABB0B8 /* Frameworks */,
				ADFF4F371D5FF7B600ABB0B8 /* Resources */,
			);
			buildRules = (
			);
			dependencies = (
			);
			name = CubeTimer;
			productName = CubeTimer;
			productReference = ADFF4F391D5FF7B600ABB0B8 /* CubeTimer.app */;
			productType = "com.apple.product-type.application";
		};
		ADFF4F511D5FF7B600ABB0B8 /* CubeTimerTests */ = {
			isa = PBXNativeTarget;
			buildConfigurationList = ADFF4F691D5FF7B600ABB0B8 /* Build configuration list for PBXNativeTarget "CubeTimerTests" */;
			buildPhases = (
				ADFF4F4E1D5FF7B600ABB0B8 /* Sources */,
				ADFF4F4F1D5FF7B600ABB0B8 /* Frameworks */,
				ADFF4F501D5FF7B600ABB0B8 /* Resources */,
			);
			buildRules = (
			);
			dependencies = (
				ADFF4F541D5FF7B600ABB0B8 /* PBXTargetDependency */,
			);
			name = CubeTimerTests;
			productName = CubeTimerTests;
			productReference = ADFF4F521D5FF7B600ABB0B8 /* CubeTimerTests.xctest */;
			productType = "com.apple.product-type.bundle.unit-test";
		};
		ADFF4F5C1D5FF7B600ABB0B8 /* CubeTimerUITests */ = {
			isa = PBXNativeTarget;
			buildConfigurationList = ADFF4F6C1D5FF7B600ABB0B8 /* Build configuration list for PBXNativeTarget "CubeTimerUITests" */;
			buildPhases = (
				ADFF4F591D5FF7B600ABB0B8 /* Sources */,
				ADFF4F5A1D5FF7B600ABB0B8 /* Frameworks */,
				ADFF4F5B1D5FF7B600ABB0B8 /* Resources */,
			);
			buildRules = (
			);
			dependencies = (
				ADFF4F5F1D5FF7B600ABB0B8 /* PBXTargetDependency */,
			);
			name = CubeTimerUITests;
			productName = CubeTimerUITests;
			productReference = ADFF4F5D1D5FF7B600ABB0B8 /* CubeTimerUITests.xctest */;
			productType = "com.apple.product-type.bundle.ui-testing";
		};
/* End PBXNativeTarget section */

/* Begin PBXProject section */
		ADFF4F311D5FF7B600ABB0B8 /* Project object */ = {
			isa = PBXProject;
			attributes = {
				LastUpgradeCheck = 0730;
				ORGANIZATIONNAME = "Weston Mizumoto";
				TargetAttributes = {
					ADFF4F381D5FF7B600ABB0B8 = {
						CreatedOnToolsVersion = 7.3.1;
						DevelopmentTeam = PQK7MDT9QM;
					};
					ADFF4F511D5FF7B600ABB0B8 = {
						CreatedOnToolsVersion = 7.3.1;
						TestTargetID = ADFF4F381D5FF7B600ABB0B8;
					};
					ADFF4F5C1D5FF7B600ABB0B8 = {
						CreatedOnToolsVersion = 7.3.1;
						TestTargetID = ADFF4F381D5FF7B600ABB0B8;
					};
				};
			};
			buildConfigurationList = ADFF4F341D5FF7B600ABB0B8 /* Build configuration list for PBXProject "CubeTimer" */;
			compatibilityVersion = "Xcode 3.2";
			developmentRegion = English;
			hasScannedForEncodings = 0;
			knownRegions = (
				en,
				Base,
			);
			mainGroup = ADFF4F301D5FF7B600ABB0B8;
			productRefGroup = ADFF4F3A1D5FF7B600ABB0B8 /* Products */;
			projectDirPath = "";
			projectRoot = "";
			targets = (
				ADFF4F381D5FF7B600ABB0B8 /* CubeTimer */,
				ADFF4F511D5FF7B600ABB0B8 /* CubeTimerTests */,
				ADFF4F5C1D5FF7B600ABB0B8 /* CubeTimerUITests */,
			);
		};
/* End PBXProject section */

/* Begin PBXResourcesBuildPhase section */
		ADFF4F371D5FF7B600ABB0B8 /* Resources */ = {
			isa = PBXResourcesBuildPhase;
			buildActionMask = 2147483647;
			files = (
				ADFF4F4C1D5FF7B600ABB0B8 /* LaunchScreen.storyboard in Resources */,
				ADFF4F491D5FF7B600ABB0B8 /* Assets.xcassets in Resources */,
				ADFF4F471D5FF7B600ABB0B8 /* Main.storyboard in Resources */,
			);
			runOnlyForDeploymentPostprocessing = 0;
		};
		ADFF4F501D5FF7B600ABB0B8 /* Resources */ = {
			isa = PBXResourcesBuildPhase;
			buildActionMask = 2147483647;
			files = (
			);
			runOnlyForDeploymentPostprocessing = 0;
		};
		ADFF4F5B1D5FF7B600ABB0B8 /* Resources */ = {
			isa = PBXResourcesBuildPhase;
			buildActionMask = 2147483647;
			files = (
			);
			runOnlyForDeploymentPostprocessing = 0;
		};
/* End PBXResourcesBuildPhase section */

/* Begin PBXSourcesBuildPhase section */
		ADFF4F351D5FF7B600ABB0B8 /* Sources */ = {
			isa = PBXSourcesBuildPhase;
			buildActionMask = 2147483647;
			files = (
				ADC39E8F1D6058E2005294F5 /* SeedController.m in Sources */,
				ADFF4F841D60210E00ABB0B8 /* TwoPhaseScrambler.m in Sources */,
				ADFF4F811D6020DF00ABB0B8 /* Search.m in Sources */,
				ADFF4F711D5FF88200ABB0B8 /* SeededNumberGenerator.m in Sources */,
				ADFF4F771D601BCA00ABB0B8 /* scrambler.m in Sources */,
				ADFF4F8D1D6021B800ABB0B8 /* CubieCube.m in Sources */,
				ADFF4F441D5FF7B600ABB0B8 /* ViewController.m in Sources */,
				ADFF4F7B1D60208400ABB0B8 /* CoordCube.m in Sources */,
				ADFF4F411D5FF7B600ABB0B8 /* AppDelegate.m in Sources */,
				ADFF4F871D60212800ABB0B8 /* Util.m in Sources */,
				ADFF4F3E1D5FF7B600ABB0B8 /* main.m in Sources */,
				ADFF4F741D60140700ABB0B8 /* 2Scrambler.m in Sources */,
				AD846F0B1D62EEA50054D90B /* SettingsViewController.m in Sources */,
			);
			runOnlyForDeploymentPostprocessing = 0;
		};
		ADFF4F4E1D5FF7B600ABB0B8 /* Sources */ = {
			isa = PBXSourcesBuildPhase;
			buildActionMask = 2147483647;
			files = (
				ADFF4F571D5FF7B600ABB0B8 /* CubeTimerTests.m in Sources */,
			);
			runOnlyForDeploymentPostprocessing = 0;
		};
		ADFF4F591D5FF7B600ABB0B8 /* Sources */ = {
			isa = PBXSourcesBuildPhase;
			buildActionMask = 2147483647;
			files = (
				ADFF4F621D5FF7B600ABB0B8 /* CubeTimerUITests.m in Sources */,
			);
			runOnlyForDeploymentPostprocessing = 0;
		};
/* End PBXSourcesBuildPhase section */

/* Begin PBXTargetDependency section */
		ADFF4F541D5FF7B600ABB0B8 /* PBXTargetDependency */ = {
			isa = PBXTargetDependency;
			target = ADFF4F381D5FF7B600ABB0B8 /* CubeTimer */;
			targetProxy = ADFF4F531D5FF7B600ABB0B8 /* PBXContainerItemProxy */;
		};
		ADFF4F5F1D5FF7B600ABB0B8 /* PBXTargetDependency */ = {
			isa = PBXTargetDependency;
			target = ADFF4F381D5FF7B600ABB0B8 /* CubeTimer */;
			targetProxy = ADFF4F5E1D5FF7B600ABB0B8 /* PBXContainerItemProxy */;
		};
/* End PBXTargetDependency section */

/* Begin PBXVariantGroup section */
		ADFF4F451D5FF7B600ABB0B8 /* Main.storyboard */ = {
			isa = PBXVariantGroup;
			children = (
				ADFF4F461D5FF7B600ABB0B8 /* Base */,
			);
			name = Main.storyboard;
			sourceTree = "<group>";
		};
		ADFF4F4A1D5FF7B600ABB0B8 /* LaunchScreen.storyboard */ = {
			isa = PBXVariantGroup;
			children = (
				ADFF4F4B1D5FF7B600ABB0B8 /* Base */,
			);
			name = LaunchScreen.storyboard;
			sourceTree = "<group>";
		};
/* End PBXVariantGroup section */

/* Begin XCBuildConfiguration section */
		ADFF4F641D5FF7B600ABB0B8 /* Debug */ = {
			isa = XCBuildConfiguration;
			buildSettings = {
				ALWAYS_SEARCH_USER_PATHS = NO;
				CLANG_ANALYZER_NONNULL = YES;
				CLANG_CXX_LANGUAGE_STANDARD = "gnu++0x";
				CLANG_CXX_LIBRARY = "libc++";
				CLANG_ENABLE_MODULES = YES;
				CLANG_ENABLE_OBJC_ARC = YES;
				CLANG_WARN_BOOL_CONVERSION = YES;
				CLANG_WARN_CONSTANT_CONVERSION = YES;
				CLANG_WARN_DIRECT_OBJC_ISA_USAGE = YES_ERROR;
				CLANG_WARN_EMPTY_BODY = YES;
				CLANG_WARN_ENUM_CONVERSION = YES;
				CLANG_WARN_INT_CONVERSION = YES;
				CLANG_WARN_OBJC_ROOT_CLASS = YES_ERROR;
				CLANG_WARN_UNREACHABLE_CODE = YES;
				CLANG_WARN__DUPLICATE_METHOD_MATCH = YES;
				"CODE_SIGN_IDENTITY[sdk=iphoneos*]" = "iPhone Developer";
				COPY_PHASE_STRIP = NO;
				DEBUG_INFORMATION_FORMAT = dwarf;
				ENABLE_STRICT_OBJC_MSGSEND = YES;
				ENABLE_TESTABILITY = YES;
				GCC_C_LANGUAGE_STANDARD = gnu99;
				GCC_DYNAMIC_NO_PIC = NO;
				GCC_NO_COMMON_BLOCKS = YES;
				GCC_OPTIMIZATION_LEVEL = 0;
				GCC_PREPROCESSOR_DEFINITIONS = (
					"DEBUG=1",
					"$(inherited)",
				);
				GCC_WARN_64_TO_32_BIT_CONVERSION = YES;
				GCC_WARN_ABOUT_RETURN_TYPE = YES_ERROR;
				GCC_WARN_UNDECLARED_SELECTOR = YES;
				GCC_WARN_UNINITIALIZED_AUTOS = YES_AGGRESSIVE;
				GCC_WARN_UNUSED_FUNCTION = YES;
				GCC_WARN_UNUSED_VARIABLE = YES;
				IPHONEOS_DEPLOYMENT_TARGET = 9.3;
				MTL_ENABLE_DEBUG_INFO = YES;
				ONLY_ACTIVE_ARCH = YES;
				SDKROOT = iphoneos;
				TARGETED_DEVICE_FAMILY = "1,2";
			};
			name = Debug;
		};
		ADFF4F651D5FF7B600ABB0B8 /* Release */ = {
			isa = XCBuildConfiguration;
			buildSettings = {
				ALWAYS_SEARCH_USER_PATHS = NO;
				CLANG_ANALYZER_NONNULL = YES;
				CLANG_CXX_LANGUAGE_STANDARD = "gnu++0x";
				CLANG_CXX_LIBRARY = "libc++";
				CLANG_ENABLE_MODULES = YES;
				CLANG_ENABLE_OBJC_ARC = YES;
				CLANG_WARN_BOOL_CONVERSION = YES;
				CLANG_WARN_CONSTANT_CONVERSION = YES;
				CLANG_WARN_DIRECT_OBJC_ISA_USAGE = YES_ERROR;
				CLANG_WARN_EMPTY_BODY = YES;
				CLANG_WARN_ENUM_CONVERSION = YES;
				CLANG_WARN_INT_CONVERSION = YES;
				CLANG_WARN_OBJC_ROOT_CLASS = YES_ERROR;
				CLANG_WARN_UNREACHABLE_CODE = YES;
				CLANG_WARN__DUPLICATE_METHOD_MATCH = YES;
				"CODE_SIGN_IDENTITY[sdk=iphoneos*]" = "iPhone Developer";
				COPY_PHASE_STRIP = NO;
				DEBUG_INFORMATION_FORMAT = "dwarf-with-dsym";
				ENABLE_NS_ASSERTIONS = NO;
				ENABLE_STRICT_OBJC_MSGSEND = YES;
				GCC_C_LANGUAGE_STANDARD = gnu99;
				GCC_NO_COMMON_BLOCKS = YES;
				GCC_WARN_64_TO_32_BIT_CONVERSION = YES;
				GCC_WARN_ABOUT_RETURN_TYPE = YES_ERROR;
				GCC_WARN_UNDECLARED_SELECTOR = YES;
				GCC_WARN_UNINITIALIZED_AUTOS = YES_AGGRESSIVE;
				GCC_WARN_UNUSED_FUNCTION = YES;
				GCC_WARN_UNUSED_VARIABLE = YES;
				IPHONEOS_DEPLOYMENT_TARGET = 9.3;
				MTL_ENABLE_DEBUG_INFO = NO;
				SDKROOT = iphoneos;
				TARGETED_DEVICE_FAMILY = "1,2";
				VALIDATE_PRODUCT = YES;
			};
			name = Release;
		};
		ADFF4F671D5FF7B600ABB0B8 /* Debug */ = {
			isa = XCBuildConfiguration;
			buildSettings = {
				ASSETCATALOG_COMPILER_APPICON_NAME = AppIcon;
				CODE_SIGN_IDENTITY = "iPhone Developer";
				"CODE_SIGN_IDENTITY[sdk=iphoneos*]" = "iPhone Developer";
				INFOPLIST_FILE = CubeTimer/Info.plist;
				LD_RUNPATH_SEARCH_PATHS = "$(inherited) @executable_path/Frameworks";
				PRODUCT_BUNDLE_IDENTIFIER = "Weston-Mizumoto.CubeTimer";
				PRODUCT_NAME = "$(TARGET_NAME)";
				PROVISIONING_PROFILE = "";
			};
			name = Debug;
		};
		ADFF4F681D5FF7B600ABB0B8 /* Release */ = {
			isa = XCBuildConfiguration;
			buildSettings = {
				ASSETCATALOG_COMPILER_APPICON_NAME = AppIcon;
				CODE_SIGN_IDENTITY = "iPhone Developer";
				"CODE_SIGN_IDENTITY[sdk=iphoneos*]" = "iPhone Developer";
				INFOPLIST_FILE = CubeTimer/Info.plist;
				LD_RUNPATH_SEARCH_PATHS = "$(inherited) @executable_path/Frameworks";
				PRODUCT_BUNDLE_IDENTIFIER = "Weston-Mizumoto.CubeTimer";
				PRODUCT_NAME = "$(TARGET_NAME)";
				PROVISIONING_PROFILE = "";
			};
			name = Release;
		};
		ADFF4F6A1D5FF7B600ABB0B8 /* Debug */ = {
			isa = XCBuildConfiguration;
			buildSettings = {
				BUNDLE_LOADER = "$(TEST_HOST)";
				INFOPLIST_FILE = CubeTimerTests/Info.plist;
				LD_RUNPATH_SEARCH_PATHS = "$(inherited) @executable_path/Frameworks @loader_path/Frameworks";
				PRODUCT_BUNDLE_IDENTIFIER = "Weston-Mizumoto.CubeTimerTests";
				PRODUCT_NAME = "$(TARGET_NAME)";
				TEST_HOST = "$(BUILT_PRODUCTS_DIR)/CubeTimer.app/CubeTimer";
			};
			name = Debug;
		};
		ADFF4F6B1D5FF7B600ABB0B8 /* Release */ = {
			isa = XCBuildConfiguration;
			buildSettings = {
				BUNDLE_LOADER = "$(TEST_HOST)";
				INFOPLIST_FILE = CubeTimerTests/Info.plist;
				LD_RUNPATH_SEARCH_PATHS = "$(inherited) @executable_path/Frameworks @loader_path/Frameworks";
				PRODUCT_BUNDLE_IDENTIFIER = "Weston-Mizumoto.CubeTimerTests";
				PRODUCT_NAME = "$(TARGET_NAME)";
				TEST_HOST = "$(BUILT_PRODUCTS_DIR)/CubeTimer.app/CubeTimer";
			};
			name = Release;
		};
		ADFF4F6D1D5FF7B600ABB0B8 /* Debug */ = {
			isa = XCBuildConfiguration;
			buildSettings = {
				INFOPLIST_FILE = CubeTimerUITests/Info.plist;
				LD_RUNPATH_SEARCH_PATHS = "$(inherited) @executable_path/Frameworks @loader_path/Frameworks";
				PRODUCT_BUNDLE_IDENTIFIER = "Weston-Mizumoto.CubeTimerUITests";
				PRODUCT_NAME = "$(TARGET_NAME)";
				TEST_TARGET_NAME = CubeTimer;
			};
			name = Debug;
		};
		ADFF4F6E1D5FF7B600ABB0B8 /* Release */ = {
			isa = XCBuildConfiguration;
			buildSettings = {
				INFOPLIST_FILE = CubeTimerUITests/Info.plist;
				LD_RUNPATH_SEARCH_PATHS = "$(inherited) @executable_path/Frameworks @loader_path/Frameworks";
				PRODUCT_BUNDLE_IDENTIFIER = "Weston-Mizumoto.CubeTimerUITests";
				PRODUCT_NAME = "$(TARGET_NAME)";
				TEST_TARGET_NAME = CubeTimer;
			};
			name = Release;
		};
/* End XCBuildConfiguration section */

/* Begin XCConfigurationList section */
		ADFF4F341D5FF7B600ABB0B8 /* Build configuration list for PBXProject "CubeTimer" */ = {
			isa = XCConfigurationList;
			buildConfigurations = (
				ADFF4F641D5FF7B600ABB0B8 /* Debug */,
				ADFF4F651D5FF7B600ABB0B8 /* Release */,
			);
			defaultConfigurationIsVisible = 0;
			defaultConfigurationName = Release;
		};
		ADFF4F661D5FF7B600ABB0B8 /* Build configuration list for PBXNativeTarget "CubeTimer" */ = {
			isa = XCConfigurationList;
			buildConfigurations = (
				ADFF4F671D5FF7B600ABB0B8 /* Debug */,
				ADFF4F681D5FF7B600ABB0B8 /* Release */,
			);
			defaultConfigurationIsVisible = 0;
			defaultConfigurationName = Release;
		};
		ADFF4F691D5FF7B600ABB0B8 /* Build configuration list for PBXNativeTarget "CubeTimerTests" */ = {
			isa = XCConfigurationList;
			buildConfigurations = (
				ADFF4F6A1D5FF7B600ABB0B8 /* Debug */,
				ADFF4F6B1D5FF7B600ABB0B8 /* Release */,
			);
			defaultConfigurationIsVisible = 0;
			defaultConfigurationName = Release;
		};
		ADFF4F6C1D5FF7B600ABB0B8 /* Build configuration list for PBXNativeTarget "CubeTimerUITests" */ = {
			isa = XCConfigurationList;
			buildConfigurations = (
				ADFF4F6D1D5FF7B600ABB0B8 /* Debug */,
				ADFF4F6E1D5FF7B600ABB0B8 /* Release */,
			);
			defaultConfigurationIsVisible = 0;
			defaultConfigurationName = Release;
		};
/* End XCConfigurationList section */
	};
	rootObject = ADFF4F311D5FF7B600ABB0B8 /* Project object */;
}
